
Microsoft Visual Studio Solution File, Format Version 12.00
# Visual Studio Version 17
VisualStudioVersion = 17.4.33122.133
MinimumVisualStudioVersion = 10.0.40219.1
Project("{FAE04EC0-301F-11D3-BF4B-00C04F79EFBC}") = "AnalysisLab3", "AnalysisLab3\AnalysisLab3.csproj", "{0DE1C319-F2F8-42B4-9C98-0E48AA7AC6E0}"
EndProject
Global
	GlobalSection(SolutionConfigurationPlatforms) = preSolution
		Debug|Any CPU = Debug|Any CPU
		Release|Any CPU = Release|Any CPU
	EndGlobalSection
	GlobalSection(ProjectConfigurationPlatforms) = postSolution
		{0DE1C319-F2F8-42B4-9C98-0E48AA7AC6E0}.Debug|Any CPU.ActiveCfg = Debug|Any CPU
		{0DE1C319-F2F8-42B4-9C98-0E48AA7AC6E0}.Debug|Any CPU.Build.0 = Debug|Any CPU
		{0DE1C319-F2F8-42B4-9C98-0E48AA7AC6E0}.Release|Any CPU.ActiveCfg = Release|Any CPU
		{0DE1C319-F2F8-42B4-9C98-0E48AA7AC6E0}.Release|Any CPU.Build.0 = Release|Any CPU
	EndGlobalSection
	GlobalSection(SolutionProperties) = preSolution
		HideSolutionNode = FALSE
	EndGlobalSection
	GlobalSection(ExtensibilityGlobals) = postSolution
		SolutionGuid = {7E7AD39D-B225-4DB6-93F7-6D78DCD94DCD}
	EndGlobalSection
EndGlobal
